
Microsoft Visual Studio Solution File, Format Version 12.00
# Visual Studio Version 17
VisualStudioVersion = 17.0.31903.59
MinimumVisualStudioVersion = 10.0.40219.1
Project("{FAE04EC0-301F-11D3-BF4B-00C04F79EFBC}") = "ObjectOrientedAbusers", "ObjectOrientedAbusers\ObjectOrientedAbusers.csproj", "{FEE8E3DF-D8B2-49CF-ACD0-DC5D90E90702}"
EndProject
Project("{FAE04EC0-301F-11D3-BF4B-00C04F79EFBC}") = "Bloaters", "Bloaters\Bloaters.csproj", "{F802DBDD-407E-4068-88E0-41DD3B09A9F8}"
EndProject
Global
	GlobalSection(SolutionConfigurationPlatforms) = preSolution
		Debug|Any CPU = Debug|Any CPU
		Release|Any CPU = Release|Any CPU
	EndGlobalSection
	GlobalSection(SolutionProperties) = preSolution
		HideSolutionNode = FALSE
	EndGlobalSection
	GlobalSection(ProjectConfigurationPlatforms) = postSolution
		{FEE8E3DF-D8B2-49CF-ACD0-DC5D90E90702}.Debug|Any CPU.ActiveCfg = Debug|Any CPU
		{FEE8E3DF-D8B2-49CF-ACD0-DC5D90E90702}.Debug|Any CPU.Build.0 = Debug|Any CPU
		{FEE8E3DF-D8B2-49CF-ACD0-DC5D90E90702}.Release|Any CPU.ActiveCfg = Release|Any CPU
		{FEE8E3DF-D8B2-49CF-ACD0-DC5D90E90702}.Release|Any CPU.Build.0 = Release|Any CPU
		{F802DBDD-407E-4068-88E0-41DD3B09A9F8}.Debug|Any CPU.ActiveCfg = Debug|Any CPU
		{F802DBDD-407E-4068-88E0-41DD3B09A9F8}.Debug|Any CPU.Build.0 = Debug|Any CPU
		{F802DBDD-407E-4068-88E0-41DD3B09A9F8}.Release|Any CPU.ActiveCfg = Release|Any CPU
		{F802DBDD-407E-4068-88E0-41DD3B09A9F8}.Release|Any CPU.Build.0 = Release|Any CPU
	EndGlobalSection
EndGlobal
